
Microsoft Visual Studio Solution File, Format Version 12.00
# Visual Studio Version 16
VisualStudioVersion = 16.0.30413.136
MinimumVisualStudioVersion = 10.0.40219.1
Project("{FAE04EC0-301F-11D3-BF4B-00C04F79EFBC}") = "Movie_search", "Movie_search\Movie_search.csproj", "{22B974BF-866E-4E31-8D54-CD17C1280641}"
EndProject
Global
	GlobalSection(SolutionConfigurationPlatforms) = preSolution
		Debug|Any CPU = Debug|Any CPU
		Release|Any CPU = Release|Any CPU
	EndGlobalSection
	GlobalSection(ProjectConfigurationPlatforms) = postSolution
		{22B974BF-866E-4E31-8D54-CD17C1280641}.Debug|Any CPU.ActiveCfg = Debug|Any CPU
		{22B974BF-866E-4E31-8D54-CD17C1280641}.Debug|Any CPU.Build.0 = Debug|Any CPU
		{22B974BF-866E-4E31-8D54-CD17C1280641}.Release|Any CPU.ActiveCfg = Release|Any CPU
		{22B974BF-866E-4E31-8D54-CD17C1280641}.Release|Any CPU.Build.0 = Release|Any CPU
	EndGlobalSection
	GlobalSection(SolutionProperties) = preSolution
		HideSolutionNode = FALSE
	EndGlobalSection
	GlobalSection(ExtensibilityGlobals) = postSolution
		SolutionGuid = {1C14F7F8-2ABA-49E5-B29A-B462B4556842}
	EndGlobalSection
EndGlobal
